// !$*UTF8*$!
{
	archiveVersion = 1;
	classes = {
	};
	objectVersion = 55;
	objects = {

/* Begin PBXBuildFile section */
		2819754727F7D97A0089D1F7 /* AppDelegate.swift in Sources */ = {isa = PBXBuildFile; fileRef = 2819754627F7D97A0089D1F7 /* AppDelegate.swift */; };
		2819754927F7D97A0089D1F7 /* SceneDelegate.swift in Sources */ = {isa = PBXBuildFile; fileRef = 2819754827F7D97A0089D1F7 /* SceneDelegate.swift */; };
		2819754B27F7D97A0089D1F7 /* ViewController.swift in Sources */ = {isa = PBXBuildFile; fileRef = 2819754A27F7D97A0089D1F7 /* ViewController.swift */; };
		2819754E27F7D97A0089D1F7 /* Main.storyboard in Resources */ = {isa = PBXBuildFile; fileRef = 2819754C27F7D97A0089D1F7 /* Main.storyboard */; };
		2819755027F7D97B0089D1F7 /* Assets.xcassets in Resources */ = {isa = PBXBuildFile; fileRef = 2819754F27F7D97B0089D1F7 /* Assets.xcassets */; };
		2819755327F7D97B0089D1F7 /* LaunchScreen.storyboard in Resources */ = {isa = PBXBuildFile; fileRef = 2819755127F7D97B0089D1F7 /* LaunchScreen.storyboard */; };
		2819755B27F7DC150089D1F7 /* GoogleService-Info.plist in Resources */ = {isa = PBXBuildFile; fileRef = 2819755A27F7DC150089D1F7 /* GoogleService-Info.plist */; };
		2819756027F7DDAF0089D1F7 /* PublisherTableViewCell.swift in Sources */ = {isa = PBXBuildFile; fileRef = 2819755E27F7DDAF0089D1F7 /* PublisherTableViewCell.swift */; };
		2819756127F7DDAF0089D1F7 /* PublisherTableViewCell.xib in Resources */ = {isa = PBXBuildFile; fileRef = 2819755F27F7DDAF0089D1F7 /* PublisherTableViewCell.xib */; };
		2819756627F7E3690089D1F7 /* PublisherManager.swift in Sources */ = {isa = PBXBuildFile; fileRef = 2819756527F7E3690089D1F7 /* PublisherManager.swift */; };
		2819756827F7E7080089D1F7 /* Publisher.swift in Sources */ = {isa = PBXBuildFile; fileRef = 2819756727F7E7080089D1F7 /* Publisher.swift */; };
		28C3ABC427F7FC7900020D1C /* ArticleViewController.swift in Sources */ = {isa = PBXBuildFile; fileRef = 28C3ABC327F7FC7900020D1C /* ArticleViewController.swift */; };
		F912DB09210CEDEED8E9462C /* Pods_iOS_Midterm.framework in Frameworks */ = {isa = PBXBuildFile; fileRef = 365F887AD87E4BD66DD2D5CC /* Pods_iOS_Midterm.framework */; };
/* End PBXBuildFile section */

/* Begin PBXFileReference section */
		2819754327F7D97A0089D1F7 /* iOS_Midterm.app */ = {isa = PBXFileReference; explicitFileType = wrapper.application; includeInIndex = 0; path = iOS_Midterm.app; sourceTree = BUILT_PRODUCTS_DIR; };
		2819754627F7D97A0089D1F7 /* AppDelegate.swift */ = {isa = PBXFileReference; lastKnownFileType = sourcecode.swift; path = AppDelegate.swift; sourceTree = "<group>"; };
		2819754827F7D97A0089D1F7 /* SceneDelegate.swift */ = {isa = PBXFileReference; lastKnownFileType = sourcecode.swift; path = SceneDelegate.swift; sourceTree = "<group>"; };
		2819754A27F7D97A0089D1F7 /* ViewController.swift */ = {isa = PBXFileReference; lastKnownFileType = sourcecode.swift; path = ViewController.swift; sourceTree = "<group>"; };
		2819754D27F7D97A0089D1F7 /* Base */ = {isa = PBXFileReference; lastKnownFileType = file.storyboard; name = Base; path = Base.lproj/Main.storyboard; sourceTree = "<group>"; };
		2819754F27F7D97B0089D1F7 /* Assets.xcassets */ = {isa = PBXFileReference; lastKnownFileType = folder.assetcatalog; path = Assets.xcassets; sourceTree = "<group>"; };
		2819755227F7D97B0089D1F7 /* Base */ = {isa = PBXFileReference; lastKnownFileType = file.storyboard; name = Base; path = Base.lproj/LaunchScreen.storyboard; sourceTree = "<group>"; };
		2819755427F7D97B0089D1F7 /* Info.plist */ = {isa = PBXFileReference; lastKnownFileType = text.plist.xml; path = Info.plist; sourceTree = "<group>"; };
		2819755A27F7DC150089D1F7 /* GoogleService-Info.plist */ = {isa = PBXFileReference; fileEncoding = 4; lastKnownFileType = text.plist.xml; path = "GoogleService-Info.plist"; sourceTree = "<group>"; };
		2819755E27F7DDAF0089D1F7 /* PublisherTableViewCell.swift */ = {isa = PBXFileReference; lastKnownFileType = sourcecode.swift; path = PublisherTableViewCell.swift; sourceTree = "<group>"; };
		2819755F27F7DDAF0089D1F7 /* PublisherTableViewCell.xib */ = {isa = PBXFileReference; lastKnownFileType = file.xib; path = PublisherTableViewCell.xib; sourceTree = "<group>"; };
		2819756527F7E3690089D1F7 /* PublisherManager.swift */ = {isa = PBXFileReference; lastKnownFileType = sourcecode.swift; path = PublisherManager.swift; sourceTree = "<group>"; };
		2819756727F7E7080089D1F7 /* Publisher.swift */ = {isa = PBXFileReference; lastKnownFileType = sourcecode.swift; path = Publisher.swift; sourceTree = "<group>"; };
		28C3ABC327F7FC7900020D1C /* ArticleViewController.swift */ = {isa = PBXFileReference; lastKnownFileType = sourcecode.swift; path = ArticleViewController.swift; sourceTree = "<group>"; };
		365F887AD87E4BD66DD2D5CC /* Pods_iOS_Midterm.framework */ = {isa = PBXFileReference; explicitFileType = wrapper.framework; includeInIndex = 0; path = Pods_iOS_Midterm.framework; sourceTree = BUILT_PRODUCTS_DIR; };
		8D6125BB72EF61EAFA5810C1 /* Pods-iOS_Midterm.release.xcconfig */ = {isa = PBXFileReference; includeInIndex = 1; lastKnownFileType = text.xcconfig; name = "Pods-iOS_Midterm.release.xcconfig"; path = "Target Support Files/Pods-iOS_Midterm/Pods-iOS_Midterm.release.xcconfig"; sourceTree = "<group>"; };
		EC42FAA0F98DEB72FE46EBAC /* Pods-iOS_Midterm.debug.xcconfig */ = {isa = PBXFileReference; includeInIndex = 1; lastKnownFileType = text.xcconfig; name = "Pods-iOS_Midterm.debug.xcconfig"; path = "Target Support Files/Pods-iOS_Midterm/Pods-iOS_Midterm.debug.xcconfig"; sourceTree = "<group>"; };
/* End PBXFileReference section */

/* Begin PBXFrameworksBuildPhase section */
		2819754027F7D97A0089D1F7 /* Frameworks */ = {
			isa = PBXFrameworksBuildPhase;
			buildActionMask = 2147483647;
			files = (
				F912DB09210CEDEED8E9462C /* Pods_iOS_Midterm.framework in Frameworks */,
			);
			runOnlyForDeploymentPostprocessing = 0;
		};
/* End PBXFrameworksBuildPhase section */

/* Begin PBXGroup section */
		2819753A27F7D97A0089D1F7 = {
			isa = PBXGroup;
			children = (
				2819754527F7D97A0089D1F7 /* iOS_Midterm */,
				2819754427F7D97A0089D1F7 /* Products */,
				95A551FF049C8C09065A3858 /* Pods */,
				A8D0EB22FE4D36015AD3B61A /* Frameworks */,
			);
			sourceTree = "<group>";
		};
		2819754427F7D97A0089D1F7 /* Products */ = {
			isa = PBXGroup;
			children = (
				2819754327F7D97A0089D1F7 /* iOS_Midterm.app */,
			);
			name = Products;
			sourceTree = "<group>";
		};
		2819754527F7D97A0089D1F7 /* iOS_Midterm */ = {
			isa = PBXGroup;
			children = (
				2819756427F7DDC90089D1F7 /* Controller */,
				2819756327F7DDBE0089D1F7 /* View */,
				2819756227F7DDB40089D1F7 /* Model */,
				2819754627F7D97A0089D1F7 /* AppDelegate.swift */,
				2819754827F7D97A0089D1F7 /* SceneDelegate.swift */,
				2819754C27F7D97A0089D1F7 /* Main.storyboard */,
				2819754F27F7D97B0089D1F7 /* Assets.xcassets */,
				2819755127F7D97B0089D1F7 /* LaunchScreen.storyboard */,
				2819755427F7D97B0089D1F7 /* Info.plist */,
				2819755A27F7DC150089D1F7 /* GoogleService-Info.plist */,
			);
			path = iOS_Midterm;
			sourceTree = "<group>";
		};
		2819756227F7DDB40089D1F7 /* Model */ = {
			isa = PBXGroup;
			children = (
				2819756527F7E3690089D1F7 /* PublisherManager.swift */,
				2819756727F7E7080089D1F7 /* Publisher.swift */,
			);
			path = Model;
			sourceTree = "<group>";
		};
		2819756327F7DDBE0089D1F7 /* View */ = {
			isa = PBXGroup;
			children = (
				2819755E27F7DDAF0089D1F7 /* PublisherTableViewCell.swift */,
				2819755F27F7DDAF0089D1F7 /* PublisherTableViewCell.xib */,
			);
			path = View;
			sourceTree = "<group>";
		};
		2819756427F7DDC90089D1F7 /* Controller */ = {
			isa = PBXGroup;
			children = (
				2819754A27F7D97A0089D1F7 /* ViewController.swift */,
				28C3ABC327F7FC7900020D1C /* ArticleViewController.swift */,
			);
			path = Controller;
			sourceTree = "<group>";
		};
		95A551FF049C8C09065A3858 /* Pods */ = {
			isa = PBXGroup;
			children = (
				EC42FAA0F98DEB72FE46EBAC /* Pods-iOS_Midterm.debug.xcconfig */,
				8D6125BB72EF61EAFA5810C1 /* Pods-iOS_Midterm.release.xcconfig */,
			);
			path = Pods;
			sourceTree = "<group>";
		};
		A8D0EB22FE4D36015AD3B61A /* Frameworks */ = {
			isa = PBXGroup;
			children = (
				365F887AD87E4BD66DD2D5CC /* Pods_iOS_Midterm.framework */,
			);
			name = Frameworks;
			sourceTree = "<group>";
		};
/* End PBXGroup section */

/* Begin PBXNativeTarget section */
		2819754227F7D97A0089D1F7 /* iOS_Midterm */ = {
			isa = PBXNativeTarget;
			buildConfigurationList = 2819755727F7D97B0089D1F7 /* Build configuration list for PBXNativeTarget "iOS_Midterm" */;
			buildPhases = (
				B42855D455E68B9F2100BAF7 /* [CP] Check Pods Manifest.lock */,
				2819753F27F7D97A0089D1F7 /* Sources */,
				2819754027F7D97A0089D1F7 /* Frameworks */,
				2819754127F7D97A0089D1F7 /* Resources */,
				C3CE860CABE729604610E15D /* [CP] Embed Pods Frameworks */,
			);
			buildRules = (
			);
			dependencies = (
			);
			name = iOS_Midterm;
			productName = iOS_Midterm;
			productReference = 2819754327F7D97A0089D1F7 /* iOS_Midterm.app */;
			productType = "com.apple.product-type.application";
		};
/* End PBXNativeTarget section */

/* Begin PBXProject section */
		2819753B27F7D97A0089D1F7 /* Project object */ = {
			isa = PBXProject;
			attributes = {
				BuildIndependentTargetsInParallel = 1;
				LastSwiftUpdateCheck = 1330;
				LastUpgradeCheck = 1330;
				TargetAttributes = {
					2819754227F7D97A0089D1F7 = {
						CreatedOnToolsVersion = 13.3;
					};
				};
			};
			buildConfigurationList = 2819753E27F7D97A0089D1F7 /* Build configuration list for PBXProject "iOS_Midterm" */;
			compatibilityVersion = "Xcode 13.0";
			developmentRegion = en;
			hasScannedForEncodings = 0;
			knownRegions = (
				en,
				Base,
			);
			mainGroup = 2819753A27F7D97A0089D1F7;
			productRefGroup = 2819754427F7D97A0089D1F7 /* Products */;
			projectDirPath = "";
			projectRoot = "";
			targets = (
				2819754227F7D97A0089D1F7 /* iOS_Midterm */,
			);
		};
/* End PBXProject section */

/* Begin PBXResourcesBuildPhase section */
		2819754127F7D97A0089D1F7 /* Resources */ = {
			isa = PBXResourcesBuildPhase;
			buildActionMask = 2147483647;
			files = (
				2819755B27F7DC150089D1F7 /* GoogleService-Info.plist in Resources */,
				2819755327F7D97B0089D1F7 /* LaunchScreen.storyboard in Resources */,
				2819756127F7DDAF0089D1F7 /* PublisherTableViewCell.xib in Resources */,
				2819755027F7D97B0089D1F7 /* Assets.xcassets in Resources */,
				2819754E27F7D97A0089D1F7 /* Main.storyboard in Resources */,
			);
			runOnlyForDeploymentPostprocessing = 0;
		};
/* End PBXResourcesBuildPhase section */

/* Begin PBXShellScriptBuildPhase section */
		B42855D455E68B9F2100BAF7 /* [CP] Check Pods Manifest.lock */ = {
			isa = PBXShellScriptBuildPhase;
			buildActionMask = 2147483647;
			files = (
			);
			inputFileListPaths = (
			);
			inputPaths = (
				"${PODS_PODFILE_DIR_PATH}/Podfile.lock",
				"${PODS_ROOT}/Manifest.lock",
			);
			name = "[CP] Check Pods Manifest.lock";
			outputFileListPaths = (
			);
			outputPaths = (
				"$(DERIVED_FILE_DIR)/Pods-iOS_Midterm-checkManifestLockResult.txt",
			);
			runOnlyForDeploymentPostprocessing = 0;
			shellPath = /bin/sh;
			shellScript = "diff \"${PODS_PODFILE_DIR_PATH}/Podfile.lock\" \"${PODS_ROOT}/Manifest.lock\" > /dev/null\nif [ $? != 0 ] ; then\n    # print error to STDERR\n    echo \"error: The sandbox is not in sync with the Podfile.lock. Run 'pod install' or update your CocoaPods installation.\" >&2\n    exit 1\nfi\n# This output is used by Xcode 'outputs' to avoid re-running this script phase.\necho \"SUCCESS\" > \"${SCRIPT_OUTPUT_FILE_0}\"\n";
			showEnvVarsInLog = 0;
		};
		C3CE860CABE729604610E15D /* [CP] Embed Pods Frameworks */ = {
			isa = PBXShellScriptBuildPhase;
			buildActionMask = 2147483647;
			files = (
			);
			inputFileListPaths = (
				"${PODS_ROOT}/Target Support Files/Pods-iOS_Midterm/Pods-iOS_Midterm-frameworks-${CONFIGURATION}-input-files.xcfilelist",
			);
			name = "[CP] Embed Pods Frameworks";
			outputFileListPaths = (
				"${PODS_ROOT}/Target Support Files/Pods-iOS_Midterm/Pods-iOS_Midterm-frameworks-${CONFIGURATION}-output-files.xcfilelist",
			);
			runOnlyForDeploymentPostprocessing = 0;
			shellPath = /bin/sh;
			shellScript = "\"${PODS_ROOT}/Target Support Files/Pods-iOS_Midterm/Pods-iOS_Midterm-frameworks.sh\"\n";
			showEnvVarsInLog = 0;
		};
/* End PBXShellScriptBuildPhase section */

/* Begin PBXSourcesBuildPhase section */
		2819753F27F7D97A0089D1F7 /* Sources */ = {
			isa = PBXSourcesBuildPhase;
			buildActionMask = 2147483647;
			files = (
				2819756827F7E7080089D1F7 /* Publisher.swift in Sources */,
				2819756027F7DDAF0089D1F7 /* PublisherTableViewCell.swift in Sources */,
				28C3ABC427F7FC7900020D1C /* ArticleViewController.swift in Sources */,
				2819754B27F7D97A0089D1F7 /* ViewController.swift in Sources */,
				2819756627F7E3690089D1F7 /* PublisherManager.swift in Sources */,
				2819754727F7D97A0089D1F7 /* AppDelegate.swift in Sources */,
				2819754927F7D97A0089D1F7 /* SceneDelegate.swift in Sources */,
			);
			runOnlyForDeploymentPostprocessing = 0;
		};
/* End PBXSourcesBuildPhase section */

/* Begin PBXVariantGroup section */
		2819754C27F7D97A0089D1F7 /* Main.storyboard */ = {
			isa = PBXVariantGroup;
			children = (
				2819754D27F7D97A0089D1F7 /* Base */,
			);
			name = Main.storyboard;
			sourceTree = "<group>";
		};
		2819755127F7D97B0089D1F7 /* LaunchScreen.storyboard */ = {
			isa = PBXVariantGroup;
			children = (
				2819755227F7D97B0089D1F7 /* Base */,
			);
			name = LaunchScreen.storyboard;
			sourceTree = "<group>";
		};
/* End PBXVariantGroup section */

/* Begin XCBuildConfiguration section */
		2819755527F7D97B0089D1F7 /* Debug */ = {
			isa = XCBuildConfiguration;
			buildSettings = {
				ALWAYS_SEARCH_USER_PATHS = NO;
				CLANG_ANALYZER_NONNULL = YES;
				CLANG_ANALYZER_NUMBER_OBJECT_CONVERSION = YES_AGGRESSIVE;
				CLANG_CXX_LANGUAGE_STANDARD = "gnu++17";
				CLANG_ENABLE_MODULES = YES;
				CLANG_ENABLE_OBJC_ARC = YES;
				CLANG_ENABLE_OBJC_WEAK = YES;
				CLANG_WARN_BLOCK_CAPTURE_AUTORELEASING = YES;
				CLANG_WARN_BOOL_CONVERSION = YES;
				CLANG_WARN_COMMA = YES;
				CLANG_WARN_CONSTANT_CONVERSION = YES;
				CLANG_WARN_DEPRECATED_OBJC_IMPLEMENTATIONS = YES;
				CLANG_WARN_DIRECT_OBJC_ISA_USAGE = YES_ERROR;
				CLANG_WARN_DOCUMENTATION_COMMENTS = YES;
				CLANG_WARN_EMPTY_BODY = YES;
				CLANG_WARN_ENUM_CONVERSION = YES;
				CLANG_WARN_INFINITE_RECURSION = YES;
				CLANG_WARN_INT_CONVERSION = YES;
				CLANG_WARN_NON_LITERAL_NULL_CONVERSION = YES;
				CLANG_WARN_OBJC_IMPLICIT_RETAIN_SELF = YES;
				CLANG_WARN_OBJC_LITERAL_CONVERSION = YES;
				CLANG_WARN_OBJC_ROOT_CLASS = YES_ERROR;
				CLANG_WARN_QUOTED_INCLUDE_IN_FRAMEWORK_HEADER = YES;
				CLANG_WARN_RANGE_LOOP_ANALYSIS = YES;
				CLANG_WARN_STRICT_PROTOTYPES = YES;
				CLANG_WARN_SUSPICIOUS_MOVE = YES;
				CLANG_WARN_UNGUARDED_AVAILABILITY = YES_AGGRESSIVE;
				CLANG_WARN_UNREACHABLE_CODE = YES;
				CLANG_WARN__DUPLICATE_METHOD_MATCH = YES;
				COPY_PHASE_STRIP = NO;
				DEBUG_INFORMATION_FORMAT = dwarf;
				ENABLE_STRICT_OBJC_MSGSEND = YES;
				ENABLE_TESTABILITY = YES;
				GCC_C_LANGUAGE_STANDARD = gnu11;
				GCC_DYNAMIC_NO_PIC = NO;
				GCC_NO_COMMON_BLOCKS = YES;
				GCC_OPTIMIZATION_LEVEL = 0;
				GCC_PREPROCESSOR_DEFINITIONS = (
					"DEBUG=1",
					"$(inherited)",
				);
				GCC_WARN_64_TO_32_BIT_CONVERSION = YES;
				GCC_WARN_ABOUT_RETURN_TYPE = YES_ERROR;
				GCC_WARN_UNDECLARED_SELECTOR = YES;
				GCC_WARN_UNINITIALIZED_AUTOS = YES_AGGRESSIVE;
				GCC_WARN_UNUSED_FUNCTION = YES;
				GCC_WARN_UNUSED_VARIABLE = YES;
				IPHONEOS_DEPLOYMENT_TARGET = 15.4;
				MTL_ENABLE_DEBUG_INFO = INCLUDE_SOURCE;
				MTL_FAST_MATH = YES;
				ONLY_ACTIVE_ARCH = YES;
				SDKROOT = iphoneos;
				SWIFT_ACTIVE_COMPILATION_CONDITIONS = DEBUG;
				SWIFT_OPTIMIZATION_LEVEL = "-Onone";
			};
			name = Debug;
		};
		2819755627F7D97B0089D1F7 /* Release */ = {
			isa = XCBuildConfiguration;
			buildSettings = {
				ALWAYS_SEARCH_USER_PATHS = NO;
				CLANG_ANALYZER_NONNULL = YES;
				CLANG_ANALYZER_NUMBER_OBJECT_CONVERSION = YES_AGGRESSIVE;
				CLANG_CXX_LANGUAGE_STANDARD = "gnu++17";
				CLANG_ENABLE_MODULES = YES;
				CLANG_ENABLE_OBJC_ARC = YES;
				CLANG_ENABLE_OBJC_WEAK = YES;
				CLANG_WARN_BLOCK_CAPTURE_AUTORELEASING = YES;
				CLANG_WARN_BOOL_CONVERSION = YES;
				CLANG_WARN_COMMA = YES;
				CLANG_WARN_CONSTANT_CONVERSION = YES;
				CLANG_WARN_DEPRECATED_OBJC_IMPLEMENTATIONS = YES;
				CLANG_WARN_DIRECT_OBJC_ISA_USAGE = YES_ERROR;
				CLANG_WARN_DOCUMENTATION_COMMENTS = YES;
				CLANG_WARN_EMPTY_BODY = YES;
				CLANG_WARN_ENUM_CONVERSION = YES;
				CLANG_WARN_INFINITE_RECURSION = YES;
				CLANG_WARN_INT_CONVERSION = YES;
				CLANG_WARN_NON_LITERAL_NULL_CONVERSION = YES;
				CLANG_WARN_OBJC_IMPLICIT_RETAIN_SELF = YES;
				CLANG_WARN_OBJC_LITERAL_CONVERSION = YES;
				CLANG_WARN_OBJC_ROOT_CLASS = YES_ERROR;
				CLANG_WARN_QUOTED_INCLUDE_IN_FRAMEWORK_HEADER = YES;
				CLANG_WARN_RANGE_LOOP_ANALYSIS = YES;
				CLANG_WARN_STRICT_PROTOTYPES = YES;
				CLANG_WARN_SUSPICIOUS_MOVE = YES;
				CLANG_WARN_UNGUARDED_AVAILABILITY = YES_AGGRESSIVE;
				CLANG_WARN_UNREACHABLE_CODE = YES;
				CLANG_WARN__DUPLICATE_METHOD_MATCH = YES;
				COPY_PHASE_STRIP = NO;
				DEBUG_INFORMATION_FORMAT = "dwarf-with-dsym";
				ENABLE_NS_ASSERTIONS = NO;
				ENABLE_STRICT_OBJC_MSGSEND = YES;
				GCC_C_LANGUAGE_STANDARD = gnu11;
				GCC_NO_COMMON_BLOCKS = YES;
				GCC_WARN_64_TO_32_BIT_CONVERSION = YES;
				GCC_WARN_ABOUT_RETURN_TYPE = YES_ERROR;
				GCC_WARN_UNDECLARED_SELECTOR = YES;
				GCC_WARN_UNINITIALIZED_AUTOS = YES_AGGRESSIVE;
				GCC_WARN_UNUSED_FUNCTION = YES;
				GCC_WARN_UNUSED_VARIABLE = YES;
				IPHONEOS_DEPLOYMENT_TARGET = 15.4;
				MTL_ENABLE_DEBUG_INFO = NO;
				MTL_FAST_MATH = YES;
				SDKROOT = iphoneos;
				SWIFT_COMPILATION_MODE = wholemodule;
				SWIFT_OPTIMIZATION_LEVEL = "-O";
				VALIDATE_PRODUCT = YES;
			};
			name = Release;
		};
		2819755827F7D97B0089D1F7 /* Debug */ = {
			isa = XCBuildConfiguration;
			baseConfigurationReference = EC42FAA0F98DEB72FE46EBAC /* Pods-iOS_Midterm.debug.xcconfig */;
			buildSettings = {
				ASSETCATALOG_COMPILER_APPICON_NAME = AppIcon;
				ASSETCATALOG_COMPILER_GLOBAL_ACCENT_COLOR_NAME = AccentColor;
				CODE_SIGN_STYLE = Automatic;
				CURRENT_PROJECT_VERSION = 1;
				GENERATE_INFOPLIST_FILE = YES;
				INFOPLIST_FILE = iOS_Midterm/Info.plist;
				INFOPLIST_KEY_UIApplicationSupportsIndirectInputEvents = YES;
				INFOPLIST_KEY_UILaunchStoryboardName = LaunchScreen;
				INFOPLIST_KEY_UIMainStoryboardFile = Main;
				INFOPLIST_KEY_UISupportedInterfaceOrientations_iPad = "UIInterfaceOrientationPortrait UIInterfaceOrientationPortraitUpsideDown UIInterfaceOrientationLandscapeLeft UIInterfaceOrientationLandscapeRight";
				INFOPLIST_KEY_UISupportedInterfaceOrientations_iPhone = "UIInterfaceOrientationPortrait UIInterfaceOrientationLandscapeLeft UIInterfaceOrientationLandscapeRight";
				LD_RUNPATH_SEARCH_PATHS = (
					"$(inherited)",
					"@executable_path/Frameworks",
				);
				MARKETING_VERSION = 1.0;
				PRODUCT_BUNDLE_IDENTIFIER = "com.jenny.iOS-Midterm";
				PRODUCT_NAME = "$(TARGET_NAME)";
				SWIFT_EMIT_LOC_STRINGS = YES;
				SWIFT_VERSION = 5.0;
				TARGETED_DEVICE_FAMILY = "1,2";
			};
			name = Debug;
		};
		2819755927F7D97B0089D1F7 /* Release */ = {
			isa = XCBuildConfiguration;
			baseConfigurationReference = 8D6125BB72EF61EAFA5810C1 /* Pods-iOS_Midterm.release.xcconfig */;
			buildSettings = {
				ASSETCATALOG_COMPILER_APPICON_NAME = AppIcon;
				ASSETCATALOG_COMPILER_GLOBAL_ACCENT_COLOR_NAME = AccentColor;
				CODE_SIGN_STYLE = Automatic;
				CURRENT_PROJECT_VERSION = 1;
				GENERATE_INFOPLIST_FILE = YES;
				INFOPLIST_FILE = iOS_Midterm/Info.plist;
				INFOPLIST_KEY_UIApplicationSupportsIndirectInputEvents = YES;
				INFOPLIST_KEY_UILaunchStoryboardName = LaunchScreen;
				INFOPLIST_KEY_UIMainStoryboardFile = Main;
				INFOPLIST_KEY_UISupportedInterfaceOrientations_iPad = "UIInterfaceOrientationPortrait UIInterfaceOrientationPortraitUpsideDown UIInterfaceOrientationLandscapeLeft UIInterfaceOrientationLandscapeRight";
				INFOPLIST_KEY_UISupportedInterfaceOrientations_iPhone = "UIInterfaceOrientationPortrait UIInterfaceOrientationLandscapeLeft UIInterfaceOrientationLandscapeRight";
				LD_RUNPATH_SEARCH_PATHS = (
					"$(inherited)",
					"@executable_path/Frameworks",
				);
				MARKETING_VERSION = 1.0;
				PRODUCT_BUNDLE_IDENTIFIER = "com.jenny.iOS-Midterm";
				PRODUCT_NAME = "$(TARGET_NAME)";
				SWIFT_EMIT_LOC_STRINGS = YES;
				SWIFT_VERSION = 5.0;
				TARGETED_DEVICE_FAMILY = "1,2";
			};
			name = Release;
		};
/* End XCBuildConfiguration section */

/* Begin XCConfigurationList section */
		2819753E27F7D97A0089D1F7 /* Build configuration list for PBXProject "iOS_Midterm" */ = {
			isa = XCConfigurationList;
			buildConfigurations = (
				2819755527F7D97B0089D1F7 /* Debug */,
				2819755627F7D97B0089D1F7 /* Release */,
			);
			defaultConfigurationIsVisible = 0;
			defaultConfigurationName = Release;
		};
		2819755727F7D97B0089D1F7 /* Build configuration list for PBXNativeTarget "iOS_Midterm" */ = {
			isa = XCConfigurationList;
			buildConfigurations = (
				2819755827F7D97B0089D1F7 /* Debug */,
				2819755927F7D97B0089D1F7 /* Release */,
			);
			defaultConfigurationIsVisible = 0;
			defaultConfigurationName = Release;
		};
/* End XCConfigurationList section */
	};
	rootObject = 2819753B27F7D97A0089D1F7 /* Project object */;
}
